{
  "nodes": {
    "iosevka-upstream": {
      "flake": false,
      "locked": {
        "lastModified": 1767409371,
        "narHash": "sha256-fASlzL/7pVDIs5wCkEUJaU0r0Gy5YGZ9kxiAskZHWcI=",
        "owner": "be5invis",
        "repo": "Iosevka",
        "rev": "4fd49b9e0ba339fa8ca7e40b361dd88b42eb80e6",
        "type": "github"
      },
      "original": {
        "owner": "be5invis",
        "ref": "refs/tags/v34.0.0",
        "repo": "Iosevka",
        "type": "github"
      }
    },
    "nixpkgs": {
      "locked": {
        "lastModified": 1768564909,
        "narHash": "sha256-Kell/SpJYVkHWMvnhqJz/8DqQg2b6PguxVWOuadbHCc=",
        "owner": "nixos",
        "repo": "nixpkgs",
        "rev": "e4bae1bd10c9c57b2cf517953ab70060a828ee6f",
        "type": "github"
      },
      "original": {
        "owner": "nixos",
        "ref": "nixos-unstable",
        "repo": "nixpkgs",
        "type": "github"
      }
    },
    "root": {
      "inputs": {
        "iosevka-upstream": "iosevka-upstream",
        "nixpkgs": "nixpkgs"
      }
    }
  },
  "root": "root",
  "version": 7
}
